{
  "name": "enkijson-to-ast",
  "version": "1.0.0",
  "lockfileVersion": 1,
  "requires": true,
  "dependencies": {
    "json-to-ast": {
      "version": "2.0.3",
      "resolved": "https://registry.npmjs.org/json-to-ast/-/json-to-ast-2.0.3.tgz",
      "integrity": "sha512-RGGlLbrTW2wk5/vmXpZ53Mg1/BoPRK0/TfJDQRxns7885WeU8UKTWPIsyppkDgrgDbrvwipslxaaPw+U5SxY4g=="
    }
  }
}
